# This file is autogenerated, do not edit; changes may be undone by the next 'dep ensure'.


[[projects]]
  digest = "1:b62a3c5b37db602bf1158e921da1a762315a4c37855fd418a14498aa87a342d5"
  name = "cloud.google.com/go"
  packages = ["civil"]
  pruneopts = "UT"
  revision = "97efc2c9ffd9fe8ef47f7f3203dc60bbca547374"
  version = "v0.28.0"

[[projects]]
  digest = "1:63bd62f5b57c55f0e07c9f8a76d841c7fa74905cc3cb6b8a55e923450f4bee81"
  name = "github.com/codegangsta/inject"
  packages = ["."]
  pruneopts = "UT"
  revision = "37d7f8432a3e684eef9b2edece76bdfa6ac85b39"
  version = "v1.0-rc1"

[[projects]]
  branch = "master"
  digest = "1:6f120164f62e62991d0f85562abe2002d438abb2ca80b7717a2f4ae2af1c6829"
  name = "github.com/denisenkom/go-mssqldb"
  packages = [
    ".",
    "internal/cp",
  ]
  pruneopts = "UT"
  revision = "1eb28afdf9b6e56cf673badd47545f844fe81103"

[[projects]]
  digest = "1:275990a68fda901ee42e120ee4c819118deefbfa6bc5562df4d0e9337b4a30e4"
  name = "github.com/go-martini/martini"
  packages = ["."]
  pruneopts = "UT"
  revision = "49411a5b646861ad29a6ddd5351717a0a9c49b94"
  version = "v1.0"

[[projects]]
  branch = "master"
  digest = "1:9b774ba49d1ba0fcbd64c39d1d389ca045633453b373bc034977d936965dfa87"
  name = "github.com/martini-contrib/render"
  packages = ["."]
  pruneopts = "UT"
  revision = "ec18f8345a1181146728238980606fb1d6f40e8c"

[[projects]]
  branch = "master"
  digest = "1:df63a8ddf6fd32f2cdf09db1ada151c8a27f5fe2516ee977b72d6a0707e94910"
  name = "github.com/oxtoacart/bpool"
  packages = ["."]
  pruneopts = "UT"
  revision = "4e1c5567d7c2dd59fa4c7c83d34c2f3528b025d6"

[[projects]]
  branch = "master"
  digest = "1:7d80d5561efbfcfdc3e4720bf5e331d574fd6f1e531b115ecf568aab3e2b656d"
  name = "golang.org/x/crypto"
  packages = ["md4"]
  pruneopts = "UT"
  revision = "0e37d006457bf46f9e6692014ba72ef82c33022c"

[solve-meta]
  analyzer-name = "dep"
  analyzer-version = 1
  input-imports = [
    "github.com/denisenkom/go-mssqldb",
    "github.com/go-martini/martini",
    "github.com/martini-contrib/render",
  ]
  solver-name = "gps-cdcl"
  solver-version = 1
